
Microsoft Visual Studio Solution File, Format Version 12.00
# Visual Studio Version 17
VisualStudioVersion = 17.13.35818.85
MinimumVisualStudioVersion = 10.0.40219.1
Project("{2150E333-8FDC-42A3-9474-1A3956D46DE8}") = "Solution Items", "Solution Items", "{8EC462FD-D22E-90A8-E5CE-7E832BA40C5D}"
	ProjectSection(SolutionItems) = preProject
		.editorconfig = .editorconfig
		.gitignore = .gitignore
		LICENSE = LICENSE
		README.md = README.md
	EndProjectSection
EndProject
Project("{2150E333-8FDC-42A3-9474-1A3956D46DE8}") = "src", "src", "{02EA681E-C7D8-13C7-8484-4AC65E1B71E8}"
EndProject
Project("{FAE04EC0-301F-11D3-BF4B-00C04F79EFBC}") = "Movies.Api", "src\Movies.Api\Movies.Api.csproj", "{9742DB08-871B-4B8D-8C5F-EF02198A78A4}"
EndProject
Project("{FAE04EC0-301F-11D3-BF4B-00C04F79EFBC}") = "Movies.Application", "src\Movies.Application\Movies.Application.csproj", "{10788936-6064-4CC3-A903-C18FD7171BBC}"
EndProject
Project("{FAE04EC0-301F-11D3-BF4B-00C04F79EFBC}") = "Movies.Contracts", "src\Movies.Contracts\Movies.Contracts.csproj", "{B6878528-AE29-4E98-9352-47DDF11B0420}"
EndProject
Project("{FAE04EC0-301F-11D3-BF4B-00C04F79EFBC}") = "Movies.AppHost", "src\Movies.AppHost\Movies.AppHost.csproj", "{6F648CD5-3BDB-4BE6-8FE4-367B945EC488}"
EndProject
Project("{FAE04EC0-301F-11D3-BF4B-00C04F79EFBC}") = "Movies.ServiceDefaults", "src\Movies.ServiceDefaults\Movies.ServiceDefaults.csproj", "{117666E6-6F05-82F2-9621-F2B1E8AF57E6}"
EndProject
Project("{FAE04EC0-301F-11D3-BF4B-00C04F79EFBC}") = "Identity.Api", "src\Identity.Api\Identity.Api.csproj", "{69903447-5DF6-22E7-90A7-81BEAEF72338}"
EndProject
Project("{FAE04EC0-301F-11D3-BF4B-00C04F79EFBC}") = "Identity.Contracts", "src\Identity.Contracts\Identity.Contracts.csproj", "{E5C8FA31-FEB4-4A5A-8133-3AEAE8E1415C}"
EndProject
Global
	GlobalSection(SolutionConfigurationPlatforms) = preSolution
		Debug|Any CPU = Debug|Any CPU
		Release|Any CPU = Release|Any CPU
	EndGlobalSection
	GlobalSection(ProjectConfigurationPlatforms) = postSolution
		{9742DB08-871B-4B8D-8C5F-EF02198A78A4}.Debug|Any CPU.ActiveCfg = Debug|Any CPU
		{9742DB08-871B-4B8D-8C5F-EF02198A78A4}.Debug|Any CPU.Build.0 = Debug|Any CPU
		{9742DB08-871B-4B8D-8C5F-EF02198A78A4}.Release|Any CPU.ActiveCfg = Release|Any CPU
		{9742DB08-871B-4B8D-8C5F-EF02198A78A4}.Release|Any CPU.Build.0 = Release|Any CPU
		{10788936-6064-4CC3-A903-C18FD7171BBC}.Debug|Any CPU.ActiveCfg = Debug|Any CPU
		{10788936-6064-4CC3-A903-C18FD7171BBC}.Debug|Any CPU.Build.0 = Debug|Any CPU
		{10788936-6064-4CC3-A903-C18FD7171BBC}.Release|Any CPU.ActiveCfg = Release|Any CPU
		{10788936-6064-4CC3-A903-C18FD7171BBC}.Release|Any CPU.Build.0 = Release|Any CPU
		{B6878528-AE29-4E98-9352-47DDF11B0420}.Debug|Any CPU.ActiveCfg = Debug|Any CPU
		{B6878528-AE29-4E98-9352-47DDF11B0420}.Debug|Any CPU.Build.0 = Debug|Any CPU
		{B6878528-AE29-4E98-9352-47DDF11B0420}.Release|Any CPU.ActiveCfg = Release|Any CPU
		{B6878528-AE29-4E98-9352-47DDF11B0420}.Release|Any CPU.Build.0 = Release|Any CPU
		{6F648CD5-3BDB-4BE6-8FE4-367B945EC488}.Debug|Any CPU.ActiveCfg = Debug|Any CPU
		{6F648CD5-3BDB-4BE6-8FE4-367B945EC488}.Debug|Any CPU.Build.0 = Debug|Any CPU
		{6F648CD5-3BDB-4BE6-8FE4-367B945EC488}.Release|Any CPU.ActiveCfg = Release|Any CPU
		{6F648CD5-3BDB-4BE6-8FE4-367B945EC488}.Release|Any CPU.Build.0 = Release|Any CPU
		{117666E6-6F05-82F2-9621-F2B1E8AF57E6}.Debug|Any CPU.ActiveCfg = Debug|Any CPU
		{117666E6-6F05-82F2-9621-F2B1E8AF57E6}.Debug|Any CPU.Build.0 = Debug|Any CPU
		{117666E6-6F05-82F2-9621-F2B1E8AF57E6}.Release|Any CPU.ActiveCfg = Release|Any CPU
		{117666E6-6F05-82F2-9621-F2B1E8AF57E6}.Release|Any CPU.Build.0 = Release|Any CPU
		{69903447-5DF6-22E7-90A7-81BEAEF72338}.Debug|Any CPU.ActiveCfg = Debug|Any CPU
		{69903447-5DF6-22E7-90A7-81BEAEF72338}.Debug|Any CPU.Build.0 = Debug|Any CPU
		{69903447-5DF6-22E7-90A7-81BEAEF72338}.Release|Any CPU.ActiveCfg = Release|Any CPU
		{69903447-5DF6-22E7-90A7-81BEAEF72338}.Release|Any CPU.Build.0 = Release|Any CPU
		{E5C8FA31-FEB4-4A5A-8133-3AEAE8E1415C}.Debug|Any CPU.ActiveCfg = Debug|Any CPU
		{E5C8FA31-FEB4-4A5A-8133-3AEAE8E1415C}.Debug|Any CPU.Build.0 = Debug|Any CPU
		{E5C8FA31-FEB4-4A5A-8133-3AEAE8E1415C}.Release|Any CPU.ActiveCfg = Release|Any CPU
		{E5C8FA31-FEB4-4A5A-8133-3AEAE8E1415C}.Release|Any CPU.Build.0 = Release|Any CPU
	EndGlobalSection
	GlobalSection(SolutionProperties) = preSolution
		HideSolutionNode = FALSE
	EndGlobalSection
	GlobalSection(NestedProjects) = preSolution
		{9742DB08-871B-4B8D-8C5F-EF02198A78A4} = {02EA681E-C7D8-13C7-8484-4AC65E1B71E8}
		{10788936-6064-4CC3-A903-C18FD7171BBC} = {02EA681E-C7D8-13C7-8484-4AC65E1B71E8}
		{B6878528-AE29-4E98-9352-47DDF11B0420} = {02EA681E-C7D8-13C7-8484-4AC65E1B71E8}
		{6F648CD5-3BDB-4BE6-8FE4-367B945EC488} = {02EA681E-C7D8-13C7-8484-4AC65E1B71E8}
		{117666E6-6F05-82F2-9621-F2B1E8AF57E6} = {02EA681E-C7D8-13C7-8484-4AC65E1B71E8}
		{69903447-5DF6-22E7-90A7-81BEAEF72338} = {02EA681E-C7D8-13C7-8484-4AC65E1B71E8}
		{E5C8FA31-FEB4-4A5A-8133-3AEAE8E1415C} = {02EA681E-C7D8-13C7-8484-4AC65E1B71E8}
	EndGlobalSection
	GlobalSection(ExtensibilityGlobals) = postSolution
		SolutionGuid = {85C0EF99-4A42-4E37-9382-8FC258E9155C}
	EndGlobalSection
EndGlobal
